// !$*UTF8*$!
{
	archiveVersion = 1;
	classes = {
	};
	objectVersion = 46;
	objects = {

/* Begin PBXBuildFile section */
		040AFC8569EBF84ABB39E999 /* libPods.a in Frameworks */ = {isa = PBXBuildFile; fileRef = 073B094CD599E52328204BCD /* libPods.a */; };
		76D45C7E1D0CFD3B0026491F /* Assets.xcassets in Resources */ = {isa = PBXBuildFile; fileRef = 76D45C7D1D0CFD3B0026491F /* Assets.xcassets */; };
		76D45C8C1D0CFD3B0026491F /* G2CateringTests.m in Sources */ = {isa = PBXBuildFile; fileRef = 76D45C8B1D0CFD3B0026491F /* G2CateringTests.m */; };
		76D45C971D0CFD3C0026491F /* G2CateringUITests.m in Sources */ = {isa = PBXBuildFile; fileRef = 76D45C961D0CFD3C0026491F /* G2CateringUITests.m */; };
		76D6EA051D0FA3070014DA13 /* HttpTool.m in Sources */ = {isa = PBXBuildFile; fileRef = 76D6E9C11D0FA3070014DA13 /* HttpTool.m */; };
		76D6EA061D0FA3070014DA13 /* OrderingViewController.m in Sources */ = {isa = PBXBuildFile; fileRef = 76D6E9E01D0FA3070014DA13 /* OrderingViewController.m */; };
		76D6EA071D0FA3070014DA13 /* OrderingViewController.xib in Resources */ = {isa = PBXBuildFile; fileRef = 76D6E9E11D0FA3070014DA13 /* OrderingViewController.xib */; };
		76D6EA081D0FA3070014DA13 /* OrderingCollectionViewCell.m in Sources */ = {isa = PBXBuildFile; fileRef = 76D6E9E51D0FA3070014DA13 /* OrderingCollectionViewCell.m */; };
		76D6EA091D0FA3070014DA13 /* OrderingCollectionViewCell.xib in Resources */ = {isa = PBXBuildFile; fileRef = 76D6E9E61D0FA3070014DA13 /* OrderingCollectionViewCell.xib */; };
		76D6EA0A1D0FA3070014DA13 /* MainViewController.m in Sources */ = {isa = PBXBuildFile; fileRef = 76D6E9EA1D0FA3070014DA13 /* MainViewController.m */; };
		76D6EA0B1D0FA3070014DA13 /* MainViewController.xib in Resources */ = {isa = PBXBuildFile; fileRef = 76D6E9EB1D0FA3070014DA13 /* MainViewController.xib */; };
		76D6EA0C1D0FA3070014DA13 /* MainLeftView.m in Sources */ = {isa = PBXBuildFile; fileRef = 76D6E9EF1D0FA3070014DA13 /* MainLeftView.m */; };
		76D6EA0D1D0FA3070014DA13 /* MainLeftView.xib in Resources */ = {isa = PBXBuildFile; fileRef = 76D6E9F01D0FA3070014DA13 /* MainLeftView.xib */; };
		76D6EA0E1D0FA3070014DA13 /* MainRightView.m in Sources */ = {isa = PBXBuildFile; fileRef = 76D6E9F21D0FA3070014DA13 /* MainRightView.m */; };
		76D6EA0F1D0FA3070014DA13 /* MainRightView.xib in Resources */ = {isa = PBXBuildFile; fileRef = 76D6E9F31D0FA3070014DA13 /* MainRightView.xib */; };
		76D6EA101D0FA3070014DA13 /* AppDelegate.m in Sources */ = {isa = PBXBuildFile; fileRef = 76D6E9FA1D0FA3070014DA13 /* AppDelegate.m */; };
		76D6EA111D0FA3070014DA13 /* main.m in Sources */ = {isa = PBXBuildFile; fileRef = 76D6E9FB1D0FA3070014DA13 /* main.m */; };
		76D6EA121D0FA3070014DA13 /* Info.plist in Resources */ = {isa = PBXBuildFile; fileRef = 76D6EA001D0FA3070014DA13 /* Info.plist */; };
		76D6EA131D0FA3070014DA13 /* LaunchScreen.storyboard in Resources */ = {isa = PBXBuildFile; fileRef = 76D6EA021D0FA3070014DA13 /* LaunchScreen.storyboard */; };
		76D6EA141D0FA3070014DA13 /* Main.storyboard in Resources */ = {isa = PBXBuildFile; fileRef = 76D6EA031D0FA3070014DA13 /* Main.storyboard */; };
		76D6EA5F1D0FE4550014DA13 /* DinnerTableViewController.m in Sources */ = {isa = PBXBuildFile; fileRef = 76D6EA5D1D0FE4550014DA13 /* DinnerTableViewController.m */; };
		76D6EA601D0FE4550014DA13 /* DinnerTableViewController.xib in Resources */ = {isa = PBXBuildFile; fileRef = 76D6EA5E1D0FE4550014DA13 /* DinnerTableViewController.xib */; };
		81E650FE1D115516000A26C7 /* FSCalendar+IBExtension.m in Sources */ = {isa = PBXBuildFile; fileRef = 81E650D41D115516000A26C7 /* FSCalendar+IBExtension.m */; };
		81E650FF1D115516000A26C7 /* FSCalendar.m in Sources */ = {isa = PBXBuildFile; fileRef = 81E650D61D115516000A26C7 /* FSCalendar.m */; };
		81E651001D115516000A26C7 /* FSCalendarAppearance.m in Sources */ = {isa = PBXBuildFile; fileRef = 81E650D81D115516000A26C7 /* FSCalendarAppearance.m */; };
		81E651011D115516000A26C7 /* FSCalendarCell.m in Sources */ = {isa = PBXBuildFile; fileRef = 81E650DA1D115516000A26C7 /* FSCalendarCell.m */; };
		81E651021D115516000A26C7 /* FSCalendarCollectionView.m in Sources */ = {isa = PBXBuildFile; fileRef = 81E650DC1D115516000A26C7 /* FSCalendarCollectionView.m */; };
		81E651031D115516000A26C7 /* FSCalendarConstance.m in Sources */ = {isa = PBXBuildFile; fileRef = 81E650DE1D115516000A26C7 /* FSCalendarConstance.m */; };
		81E651041D115516000A26C7 /* FSCalendarFlowLayout.m in Sources */ = {isa = PBXBuildFile; fileRef = 81E650E11D115516000A26C7 /* FSCalendarFlowLayout.m */; };
		81E651051D115516000A26C7 /* FSCalendarHeader.m in Sources */ = {isa = PBXBuildFile; fileRef = 81E650E31D115516000A26C7 /* FSCalendarHeader.m */; };
		81E651061D115516000A26C7 /* FSCalendarStickyHeader.m in Sources */ = {isa = PBXBuildFile; fileRef = 81E650E51D115516000A26C7 /* FSCalendarStickyHeader.m */; };
		81E651071D115516000A26C7 /* LICENSE in Resources */ = {isa = PBXBuildFile; fileRef = 81E650E61D115516000A26C7 /* LICENSE */; };
		81E651081D115516000A26C7 /* NSDate+FSExtension.m in Sources */ = {isa = PBXBuildFile; fileRef = 81E650E81D115516000A26C7 /* NSDate+FSExtension.m */; };
		81E651091D115516000A26C7 /* NSDate+TEAExtensions.m in Sources */ = {isa = PBXBuildFile; fileRef = 81E650EA1D115516000A26C7 /* NSDate+TEAExtensions.m */; };
		81E6510A1D115516000A26C7 /* NSString+FSExtension.m in Sources */ = {isa = PBXBuildFile; fileRef = 81E650EC1D115516000A26C7 /* NSString+FSExtension.m */; };
		81E6510B1D115516000A26C7 /* README.md in Sources */ = {isa = PBXBuildFile; fileRef = 81E650ED1D115516000A26C7 /* README.md */; };
		81E6510C1D115516000A26C7 /* UIView+FSExtension.m in Sources */ = {isa = PBXBuildFile; fileRef = 81E650EF1D115516000A26C7 /* UIView+FSExtension.m */; };
		91DAECEF1D12393600460F4E /* JiaoYiJiLuViewController.m in Sources */ = {isa = PBXBuildFile; fileRef = 91DAECA71D12393600460F4E /* JiaoYiJiLuViewController.m */; };
		91DAECF01D12393600460F4E /* JiaoYiJiLuViewController.xib in Resources */ = {isa = PBXBuildFile; fileRef = 91DAECA81D12393600460F4E /* JiaoYiJiLuViewController.xib */; };
		91DAECF11D12393600460F4E /* TradeViewController.m in Sources */ = {isa = PBXBuildFile; fileRef = 91DAECAA1D12393600460F4E /* TradeViewController.m */; };
		91DAECF21D12393600460F4E /* TradeViewController.xib in Resources */ = {isa = PBXBuildFile; fileRef = 91DAECAB1D12393600460F4E /* TradeViewController.xib */; };
		91DAECF31D12393600460F4E /* JiaoYiJiLuCell.m in Sources */ = {isa = PBXBuildFile; fileRef = 91DAECAF1D12393600460F4E /* JiaoYiJiLuCell.m */; };
		91DAECF41D12393600460F4E /* JiaoYiJiLuCell.xib in Resources */ = {isa = PBXBuildFile; fileRef = 91DAECB01D12393600460F4E /* JiaoYiJiLuCell.xib */; };
		91DAECF51D12393600460F4E /* JiLuCaiViewCell.m in Sources */ = {isa = PBXBuildFile; fileRef = 91DAECB21D12393600460F4E /* JiLuCaiViewCell.m */; };
		91DAECF61D12393600460F4E /* JiLuCaiViewCell.xib in Resources */ = {isa = PBXBuildFile; fileRef = 91DAECB31D12393600460F4E /* JiLuCaiViewCell.xib */; };
		91DAECF71D12393600460F4E /* TradeContentView.m in Sources */ = {isa = PBXBuildFile; fileRef = 91DAECB51D12393600460F4E /* TradeContentView.m */; };
		91DAECF81D12393600460F4E /* TradeContentView.xib in Resources */ = {isa = PBXBuildFile; fileRef = 91DAECB61D12393600460F4E /* TradeContentView.xib */; };
		91DAECF91D12393600460F4E /* TypeTableViewCell.m in Sources */ = {isa = PBXBuildFile; fileRef = 91DAECB81D12393600460F4E /* TypeTableViewCell.m */; };
		91DAECFA1D12393600460F4E /* TypeTableViewCell.xib in Resources */ = {isa = PBXBuildFile; fileRef = 91DAECB91D12393600460F4E /* TypeTableViewCell.xib */; };
		91DAECFB1D12393600460F4E /* BookingManagerViewController.m in Sources */ = {isa = PBXBuildFile; fileRef = 91DAECBD1D12393600460F4E /* BookingManagerViewController.m */; };
		91DAECFC1D12393600460F4E /* BookingManagerViewController.xib in Resources */ = {isa = PBXBuildFile; fileRef = 91DAECBE1D12393600460F4E /* BookingManagerViewController.xib */; };
		91DAECFF1D12393600460F4E /* AboutSettingsView.m in Sources */ = {isa = PBXBuildFile; fileRef = 91DAECC91D12393600460F4E /* AboutSettingsView.m */; };
		91DAED001D12393600460F4E /* AboutSettingsView.xib in Resources */ = {isa = PBXBuildFile; fileRef = 91DAECCA1D12393600460F4E /* AboutSettingsView.xib */; };
		91DAED011D12393600460F4E /* DeviceTestView.m in Sources */ = {isa = PBXBuildFile; fileRef = 91DAECCC1D12393600460F4E /* DeviceTestView.m */; };
		91DAED021D12393600460F4E /* DeviceTestView.xib in Resources */ = {isa = PBXBuildFile; fileRef = 91DAECCD1D12393600460F4E /* DeviceTestView.xib */; };
		91DAED031D12393600460F4E /* EstimateSettingView.m in Sources */ = {isa = PBXBuildFile; fileRef = 91DAECCF1D12393600460F4E /* EstimateSettingView.m */; };
		91DAED041D12393600460F4E /* EstimateSettingView.xib in Resources */ = {isa = PBXBuildFile; fileRef = 91DAECD01D12393600460F4E /* EstimateSettingView.xib */; };
		91DAED051D12393600460F4E /* EstimateView.m in Sources */ = {isa = PBXBuildFile; fileRef = 91DAECD21D12393600460F4E /* EstimateView.m */; };
		91DAED061D12393600460F4E /* EstimateView.xib in Resources */ = {isa = PBXBuildFile; fileRef = 91DAECD31D12393600460F4E /* EstimateView.xib */; };
		91DAED071D12393600460F4E /* FoodCollectionViewCell.m in Sources */ = {isa = PBXBuildFile; fileRef = 91DAECD51D12393600460F4E /* FoodCollectionViewCell.m */; };
		91DAED081D12393600460F4E /* FoodCollectionViewCell.xib in Resources */ = {isa = PBXBuildFile; fileRef = 91DAECD61D12393600460F4E /* FoodCollectionViewCell.xib */; };
		91DAED091D12393600460F4E /* LM_button.m in Sources */ = {isa = PBXBuildFile; fileRef = 91DAECD81D12393600460F4E /* LM_button.m */; };
		91DAED0A1D12393600460F4E /* PrintSettingsView.m in Sources */ = {isa = PBXBuildFile; fileRef = 91DAECDA1D12393600460F4E /* PrintSettingsView.m */; };
		91DAED0B1D12393600460F4E /* PrintSettingsView.xib in Resources */ = {isa = PBXBuildFile; fileRef = 91DAECDB1D12393600460F4E /* PrintSettingsView.xib */; };
		91DAED0C1D12393600460F4E /* PrintSettingTableViewCell.m in Sources */ = {isa = PBXBuildFile; fileRef = 91DAECDD1D12393600460F4E /* PrintSettingTableViewCell.m */; };
		91DAED0D1D12393600460F4E /* PrintSettingTableViewCell.xib in Resources */ = {isa = PBXBuildFile; fileRef = 91DAECDE1D12393600460F4E /* PrintSettingTableViewCell.xib */; };
		91DAED0E1D12393600460F4E /* UpdatePasswordView.m in Sources */ = {isa = PBXBuildFile; fileRef = 91DAECE01D12393600460F4E /* UpdatePasswordView.m */; };
		91DAED0F1D12393600460F4E /* UpdatePasswordView.xib in Resources */ = {isa = PBXBuildFile; fileRef = 91DAECE11D12393600460F4E /* UpdatePasswordView.xib */; };
		91DAED101D12393600460F4E /* VipViewController.m in Sources */ = {isa = PBXBuildFile; fileRef = 91DAECE51D12393600460F4E /* VipViewController.m */; };
		91DAED111D12393600460F4E /* VipViewController.xib in Resources */ = {isa = PBXBuildFile; fileRef = 91DAECE61D12393600460F4E /* VipViewController.xib */; };
		91DAED121D12393600460F4E /* VIPLeftView.m in Sources */ = {isa = PBXBuildFile; fileRef = 91DAECEA1D12393600460F4E /* VIPLeftView.m */; };
		91DAED131D12393600460F4E /* VIPLeftView.xib in Resources */ = {isa = PBXBuildFile; fileRef = 91DAECEB1D12393600460F4E /* VIPLeftView.xib */; };
		91DAED141D12393600460F4E /* VIPTableViewCell.m in Sources */ = {isa = PBXBuildFile; fileRef = 91DAECED1D12393600460F4E /* VIPTableViewCell.m */; };
		91DAED151D12393600460F4E /* VIPTableViewCell.xib in Resources */ = {isa = PBXBuildFile; fileRef = 91DAECEE1D12393600460F4E /* VIPTableViewCell.xib */; };
		91DAED1A1D12399600460F4E /* BaseSettingsViewController.xib in Resources */ = {isa = PBXBuildFile; fileRef = 91DAED181D12399600460F4E /* BaseSettingsViewController.xib */; };
		91DAED1C1D123AF700460F4E /* BaseSettingsViewController.m in Sources */ = {isa = PBXBuildFile; fileRef = 91DAED1B1D123AF700460F4E /* BaseSettingsViewController.m */; };
/* End PBXBuildFile section */

/* Begin PBXContainerItemProxy section */
		76D45C881D0CFD3B0026491F /* PBXContainerItemProxy */ = {
			isa = PBXContainerItemProxy;
			containerPortal = 76D45C661D0CFD3B0026491F /* Project object */;
			proxyType = 1;
			remoteGlobalIDString = 76D45C6D1D0CFD3B0026491F;
			remoteInfo = G2Catering;
		};
		76D45C931D0CFD3C0026491F /* PBXContainerItemProxy */ = {
			isa = PBXContainerItemProxy;
			containerPortal = 76D45C661D0CFD3B0026491F /* Project object */;
			proxyType = 1;
			remoteGlobalIDString = 76D45C6D1D0CFD3B0026491F;
			remoteInfo = G2Catering;
		};
/* End PBXContainerItemProxy section */

/* Begin PBXFileReference section */
		073B094CD599E52328204BCD /* libPods.a */ = {isa = PBXFileReference; explicitFileType = archive.ar; includeInIndex = 0; path = libPods.a; sourceTree = BUILT_PRODUCTS_DIR; };
		2B4E00C8C92ACE2E7EE03E02 /* Pods.debug.xcconfig */ = {isa = PBXFileReference; includeInIndex = 1; lastKnownFileType = text.xcconfig; name = Pods.debug.xcconfig; path = "Pods/Target Support Files/Pods/Pods.debug.xcconfig"; sourceTree = "<group>"; };
		76D45C6E1D0CFD3B0026491F /* G2Catering.app */ = {isa = PBXFileReference; explicitFileType = wrapper.application; includeInIndex = 0; path = G2Catering.app; sourceTree = BUILT_PRODUCTS_DIR; };
		76D45C7D1D0CFD3B0026491F /* Assets.xcassets */ = {isa = PBXFileReference; lastKnownFileType = folder.assetcatalog; path = Assets.xcassets; sourceTree = "<group>"; };
		76D45C871D0CFD3B0026491F /* G2CateringTests.xctest */ = {isa = PBXFileReference; explicitFileType = wrapper.cfbundle; includeInIndex = 0; path = G2CateringTests.xctest; sourceTree = BUILT_PRODUCTS_DIR; };
		76D45C8B1D0CFD3B0026491F /* G2CateringTests.m */ = {isa = PBXFileReference; lastKnownFileType = sourcecode.c.objc; path = G2CateringTests.m; sourceTree = "<group>"; };
		76D45C8D1D0CFD3B0026491F /* Info.plist */ = {isa = PBXFileReference; lastKnownFileType = text.plist.xml; path = Info.plist; sourceTree = "<group>"; };
		76D45C921D0CFD3C0026491F /* G2CateringUITests.xctest */ = {isa = PBXFileReference; explicitFileType = wrapper.cfbundle; includeInIndex = 0; path = G2CateringUITests.xctest; sourceTree = BUILT_PRODUCTS_DIR; };
		76D45C961D0CFD3C0026491F /* G2CateringUITests.m */ = {isa = PBXFileReference; lastKnownFileType = sourcecode.c.objc; path = G2CateringUITests.m; sourceTree = "<group>"; };
		76D45C981D0CFD3C0026491F /* Info.plist */ = {isa = PBXFileReference; lastKnownFileType = text.plist.xml; path = Info.plist; sourceTree = "<group>"; };
		76D6E9C01D0FA3070014DA13 /* HttpTool.h */ = {isa = PBXFileReference; fileEncoding = 4; lastKnownFileType = sourcecode.c.h; path = HttpTool.h; sourceTree = "<group>"; };
		76D6E9C11D0FA3070014DA13 /* HttpTool.m */ = {isa = PBXFileReference; fileEncoding = 4; lastKnownFileType = sourcecode.c.objc; path = HttpTool.m; sourceTree = "<group>"; };
		76D6E9DF1D0FA3070014DA13 /* OrderingViewController.h */ = {isa = PBXFileReference; fileEncoding = 4; lastKnownFileType = sourcecode.c.h; path = OrderingViewController.h; sourceTree = "<group>"; };
		76D6E9E01D0FA3070014DA13 /* OrderingViewController.m */ = {isa = PBXFileReference; fileEncoding = 4; lastKnownFileType = sourcecode.c.objc; path = OrderingViewController.m; sourceTree = "<group>"; };
		76D6E9E11D0FA3070014DA13 /* OrderingViewController.xib */ = {isa = PBXFileReference; fileEncoding = 4; lastKnownFileType = file.xib; path = OrderingViewController.xib; sourceTree = "<group>"; };
		76D6E9E41D0FA3070014DA13 /* OrderingCollectionViewCell.h */ = {isa = PBXFileReference; fileEncoding = 4; lastKnownFileType = sourcecode.c.h; path = OrderingCollectionViewCell.h; sourceTree = "<group>"; };
		76D6E9E51D0FA3070014DA13 /* OrderingCollectionViewCell.m */ = {isa = PBXFileReference; fileEncoding = 4; lastKnownFileType = sourcecode.c.objc; path = OrderingCollectionViewCell.m; sourceTree = "<group>"; };
		76D6E9E61D0FA3070014DA13 /* OrderingCollectionViewCell.xib */ = {isa = PBXFileReference; fileEncoding = 4; lastKnownFileType = file.xib; path = OrderingCollectionViewCell.xib; sourceTree = "<group>"; };
		76D6E9E91D0FA3070014DA13 /* MainViewController.h */ = {isa = PBXFileReference; fileEncoding = 4; lastKnownFileType = sourcecode.c.h; path = MainViewController.h; sourceTree = "<group>"; };
		76D6E9EA1D0FA3070014DA13 /* MainViewController.m */ = {isa = PBXFileReference; fileEncoding = 4; lastKnownFileType = sourcecode.c.objc; path = MainViewController.m; sourceTree = "<group>"; };
		76D6E9EB1D0FA3070014DA13 /* MainViewController.xib */ = {isa = PBXFileReference; fileEncoding = 4; lastKnownFileType = file.xib; path = MainViewController.xib; sourceTree = "<group>"; };
		76D6E9EE1D0FA3070014DA13 /* MainLeftView.h */ = {isa = PBXFileReference; fileEncoding = 4; lastKnownFileType = sourcecode.c.h; path = MainLeftView.h; sourceTree = "<group>"; };
		76D6E9EF1D0FA3070014DA13 /* MainLeftView.m */ = {isa = PBXFileReference; fileEncoding = 4; lastKnownFileType = sourcecode.c.objc; path = MainLeftView.m; sourceTree = "<group>"; };
		76D6E9F01D0FA3070014DA13 /* MainLeftView.xib */ = {isa = PBXFileReference; fileEncoding = 4; lastKnownFileType = file.xib; path = MainLeftView.xib; sourceTree = "<group>"; };
		76D6E9F11D0FA3070014DA13 /* MainRightView.h */ = {isa = PBXFileReference; fileEncoding = 4; lastKnownFileType = sourcecode.c.h; path = MainRightView.h; sourceTree = "<group>"; };
		76D6E9F21D0FA3070014DA13 /* MainRightView.m */ = {isa = PBXFileReference; fileEncoding = 4; lastKnownFileType = sourcecode.c.objc; path = MainRightView.m; sourceTree = "<group>"; };
		76D6E9F31D0FA3070014DA13 /* MainRightView.xib */ = {isa = PBXFileReference; fileEncoding = 4; lastKnownFileType = file.xib; path = MainRightView.xib; sourceTree = "<group>"; };
		76D6E9F91D0FA3070014DA13 /* AppDelegate.h */ = {isa = PBXFileReference; fileEncoding = 4; lastKnownFileType = sourcecode.c.h; path = AppDelegate.h; sourceTree = "<group>"; };
		76D6E9FA1D0FA3070014DA13 /* AppDelegate.m */ = {isa = PBXFileReference; fileEncoding = 4; lastKnownFileType = sourcecode.c.objc; path = AppDelegate.m; sourceTree = "<group>"; };
		76D6E9FB1D0FA3070014DA13 /* main.m */ = {isa = PBXFileReference; fileEncoding = 4; lastKnownFileType = sourcecode.c.objc; path = main.m; sourceTree = "<group>"; };
		76D6E9FC1D0FA3070014DA13 /* PrefixHeader.pch */ = {isa = PBXFileReference; fileEncoding = 4; lastKnownFileType = sourcecode.c.h; path = PrefixHeader.pch; sourceTree = "<group>"; };
		76D6EA001D0FA3070014DA13 /* Info.plist */ = {isa = PBXFileReference; fileEncoding = 4; lastKnownFileType = text.plist.xml; path = Info.plist; sourceTree = "<group>"; };
		76D6EA021D0FA3070014DA13 /* LaunchScreen.storyboard */ = {isa = PBXFileReference; fileEncoding = 4; lastKnownFileType = file.storyboard; path = LaunchScreen.storyboard; sourceTree = "<group>"; };
		76D6EA031D0FA3070014DA13 /* Main.storyboard */ = {isa = PBXFileReference; fileEncoding = 4; lastKnownFileType = file.storyboard; path = Main.storyboard; sourceTree = "<group>"; };
		76D6EA591D0FE14E0014DA13 /* DimensMacros.h */ = {isa = PBXFileReference; fileEncoding = 4; lastKnownFileType = sourcecode.c.h; path = DimensMacros.h; sourceTree = "<group>"; };
		76D6EA5A1D0FE1D80014DA13 /* UtilsMacros.h */ = {isa = PBXFileReference; fileEncoding = 4; lastKnownFileType = sourcecode.c.h; path = UtilsMacros.h; sourceTree = "<group>"; };
		76D6EA5B1D0FE2430014DA13 /* Macros.h */ = {isa = PBXFileReference; fileEncoding = 4; lastKnownFileType = sourcecode.c.h; path = Macros.h; sourceTree = "<group>"; };
		76D6EA5C1D0FE4550014DA13 /* DinnerTableViewController.h */ = {isa = PBXFileReference; fileEncoding = 4; lastKnownFileType = sourcecode.c.h; path = DinnerTableViewController.h; sourceTree = "<group>"; };
		76D6EA5D1D0FE4550014DA13 /* DinnerTableViewController.m */ = {isa = PBXFileReference; fileEncoding = 4; lastKnownFileType = sourcecode.c.objc; path = DinnerTableViewController.m; sourceTree = "<group>"; };
		76D6EA5E1D0FE4550014DA13 /* DinnerTableViewController.xib */ = {isa = PBXFileReference; fileEncoding = 4; lastKnownFileType = file.xib; path = DinnerTableViewController.xib; sourceTree = "<group>"; };
		81E650D31D115516000A26C7 /* FSCalendar+IBExtension.h */ = {isa = PBXFileReference; fileEncoding = 4; lastKnownFileType = sourcecode.c.h; path = "FSCalendar+IBExtension.h"; sourceTree = "<group>"; };
		81E650D41D115516000A26C7 /* FSCalendar+IBExtension.m */ = {isa = PBXFileReference; fileEncoding = 4; lastKnownFileType = sourcecode.c.objc; path = "FSCalendar+IBExtension.m"; sourceTree = "<group>"; };
		81E650D51D115516000A26C7 /* FSCalendar.h */ = {isa = PBXFileReference; fileEncoding = 4; lastKnownFileType = sourcecode.c.h; path = FSCalendar.h; sourceTree = "<group>"; };
		81E650D61D115516000A26C7 /* FSCalendar.m */ = {isa = PBXFileReference; fileEncoding = 4; lastKnownFileType = sourcecode.c.objc; path = FSCalendar.m; sourceTree = "<group>"; };
		81E650D71D115516000A26C7 /* FSCalendarAppearance.h */ = {isa = PBXFileReference; fileEncoding = 4; lastKnownFileType = sourcecode.c.h; path = FSCalendarAppearance.h; sourceTree = "<group>"; };
		81E650D81D115516000A26C7 /* FSCalendarAppearance.m */ = {isa = PBXFileReference; fileEncoding = 4; lastKnownFileType = sourcecode.c.objc; path = FSCalendarAppearance.m; sourceTree = "<group>"; };
		81E650D91D115516000A26C7 /* FSCalendarCell.h */ = {isa = PBXFileReference; fileEncoding = 4; lastKnownFileType = sourcecode.c.h; path = FSCalendarCell.h; sourceTree = "<group>"; };
		81E650DA1D115516000A26C7 /* FSCalendarCell.m */ = {isa = PBXFileReference; fileEncoding = 4; lastKnownFileType = sourcecode.c.objc; path = FSCalendarCell.m; sourceTree = "<group>"; };
		81E650DB1D115516000A26C7 /* FSCalendarCollectionView.h */ = {isa = PBXFileReference; fileEncoding = 4; lastKnownFileType = sourcecode.c.h; path = FSCalendarCollectionView.h; sourceTree = "<group>"; };
		81E650DC1D115516000A26C7 /* FSCalendarCollectionView.m */ = {isa = PBXFileReference; fileEncoding = 4; lastKnownFileType = sourcecode.c.objc; path = FSCalendarCollectionView.m; sourceTree = "<group>"; };
		81E650DD1D115516000A26C7 /* FSCalendarConstance.h */ = {isa = PBXFileReference; fileEncoding = 4; lastKnownFileType = sourcecode.c.h; path = FSCalendarConstance.h; sourceTree = "<group>"; };
		81E650DE1D115516000A26C7 /* FSCalendarConstance.m */ = {isa = PBXFileReference; fileEncoding = 4; lastKnownFileType = sourcecode.c.objc; path = FSCalendarConstance.m; sourceTree = "<group>"; };
		81E650DF1D115516000A26C7 /* FSCalendarDynamicHeader.h */ = {isa = PBXFileReference; fileEncoding = 4; lastKnownFileType = sourcecode.c.h; path = FSCalendarDynamicHeader.h; sourceTree = "<group>"; };
		81E650E01D115516000A26C7 /* FSCalendarFlowLayout.h */ = {isa = PBXFileReference; fileEncoding = 4; lastKnownFileType = sourcecode.c.h; path = FSCalendarFlowLayout.h; sourceTree = "<group>"; };
		81E650E11D115516000A26C7 /* FSCalendarFlowLayout.m */ = {isa = PBXFileReference; fileEncoding = 4; lastKnownFileType = sourcecode.c.objc; path = FSCalendarFlowLayout.m; sourceTree = "<group>"; };
		81E650E21D115516000A26C7 /* FSCalendarHeader.h */ = {isa = PBXFileReference; fileEncoding = 4; lastKnownFileType = sourcecode.c.h; path = FSCalendarHeader.h; sourceTree = "<group>"; };
		81E650E31D115516000A26C7 /* FSCalendarHeader.m */ = {isa = PBXFileReference; fileEncoding = 4; lastKnownFileType = sourcecode.c.objc; path = FSCalendarHeader.m; sourceTree = "<group>"; };
		81E650E41D115516000A26C7 /* FSCalendarStickyHeader.h */ = {isa = PBXFileReference; fileEncoding = 4; lastKnownFileType = sourcecode.c.h; path = FSCalendarStickyHeader.h; sourceTree = "<group>"; };
		81E650E51D115516000A26C7 /* FSCalendarStickyHeader.m */ = {isa = PBXFileReference; fileEncoding = 4; lastKnownFileType = sourcecode.c.objc; path = FSCalendarStickyHeader.m; sourceTree = "<group>"; };
		81E650E61D115516000A26C7 /* LICENSE */ = {isa = PBXFileReference; fileEncoding = 4; lastKnownFileType = text; path = LICENSE; sourceTree = "<group>"; };
		81E650E71D115516000A26C7 /* NSDate+FSExtension.h */ = {isa = PBXFileReference; fileEncoding = 4; lastKnownFileType = sourcecode.c.h; path = "NSDate+FSExtension.h"; sourceTree = "<group>"; };
		81E650E81D115516000A26C7 /* NSDate+FSExtension.m */ = {isa = PBXFileReference; fileEncoding = 4; lastKnownFileType = sourcecode.c.objc; path = "NSDate+FSExtension.m"; sourceTree = "<group>"; };
		81E650E91D115516000A26C7 /* NSDate+TEAExtensions.h */ = {isa = PBXFileReference; fileEncoding = 4; lastKnownFileType = sourcecode.c.h; path = "NSDate+TEAExtensions.h"; sourceTree = "<group>"; };
		81E650EA1D115516000A26C7 /* NSDate+TEAExtensions.m */ = {isa = PBXFileReference; fileEncoding = 4; lastKnownFileType = sourcecode.c.objc; path = "NSDate+TEAExtensions.m"; sourceTree = "<group>"; };
		81E650EB1D115516000A26C7 /* NSString+FSExtension.h */ = {isa = PBXFileReference; fileEncoding = 4; lastKnownFileType = sourcecode.c.h; path = "NSString+FSExtension.h"; sourceTree = "<group>"; };
		81E650EC1D115516000A26C7 /* NSString+FSExtension.m */ = {isa = PBXFileReference; fileEncoding = 4; lastKnownFileType = sourcecode.c.objc; path = "NSString+FSExtension.m"; sourceTree = "<group>"; };
		81E650ED1D115516000A26C7 /* README.md */ = {isa = PBXFileReference; fileEncoding = 4; lastKnownFileType = net.daringfireball.markdown; path = README.md; sourceTree = "<group>"; };
		81E650EE1D115516000A26C7 /* UIView+FSExtension.h */ = {isa = PBXFileReference; fileEncoding = 4; lastKnownFileType = sourcecode.c.h; path = "UIView+FSExtension.h"; sourceTree = "<group>"; };
		81E650EF1D115516000A26C7 /* UIView+FSExtension.m */ = {isa = PBXFileReference; fileEncoding = 4; lastKnownFileType = sourcecode.c.objc; path = "UIView+FSExtension.m"; sourceTree = "<group>"; };
		8A99B5CD036CAE879C22EB66 /* Pods.release.xcconfig */ = {isa = PBXFileReference; includeInIndex = 1; lastKnownFileType = text.xcconfig; name = Pods.release.xcconfig; path = "Pods/Target Support Files/Pods/Pods.release.xcconfig"; sourceTree = "<group>"; };
		91DAECA61D12393600460F4E /* JiaoYiJiLuViewController.h */ = {isa = PBXFileReference; fileEncoding = 4; lastKnownFileType = sourcecode.c.h; path = JiaoYiJiLuViewController.h; sourceTree = "<group>"; };
		91DAECA71D12393600460F4E /* JiaoYiJiLuViewController.m */ = {isa = PBXFileReference; fileEncoding = 4; lastKnownFileType = sourcecode.c.objc; path = JiaoYiJiLuViewController.m; sourceTree = "<group>"; };
		91DAECA81D12393600460F4E /* JiaoYiJiLuViewController.xib */ = {isa = PBXFileReference; fileEncoding = 4; lastKnownFileType = file.xib; path = JiaoYiJiLuViewController.xib; sourceTree = "<group>"; };
		91DAECA91D12393600460F4E /* TradeViewController.h */ = {isa = PBXFileReference; fileEncoding = 4; lastKnownFileType = sourcecode.c.h; path = TradeViewController.h; sourceTree = "<group>"; };
		91DAECAA1D12393600460F4E /* TradeViewController.m */ = {isa = PBXFileReference; fileEncoding = 4; lastKnownFileType = sourcecode.c.objc; path = TradeViewController.m; sourceTree = "<group>"; };
		91DAECAB1D12393600460F4E /* TradeViewController.xib */ = {isa = PBXFileReference; fileEncoding = 4; lastKnownFileType = file.xib; path = TradeViewController.xib; sourceTree = "<group>"; };
		91DAECAE1D12393600460F4E /* JiaoYiJiLuCell.h */ = {isa = PBXFileReference; fileEncoding = 4; lastKnownFileType = sourcecode.c.h; path = JiaoYiJiLuCell.h; sourceTree = "<group>"; };
		91DAECAF1D12393600460F4E /* JiaoYiJiLuCell.m */ = {isa = PBXFileReference; fileEncoding = 4; lastKnownFileType = sourcecode.c.objc; path = JiaoYiJiLuCell.m; sourceTree = "<group>"; };
		91DAECB01D12393600460F4E /* JiaoYiJiLuCell.xib */ = {isa = PBXFileReference; fileEncoding = 4; lastKnownFileType = file.xib; path = JiaoYiJiLuCell.xib; sourceTree = "<group>"; };
		91DAECB11D12393600460F4E /* JiLuCaiViewCell.h */ = {isa = PBXFileReference; fileEncoding = 4; lastKnownFileType = sourcecode.c.h; path = JiLuCaiViewCell.h; sourceTree = "<group>"; };
		91DAECB21D12393600460F4E /* JiLuCaiViewCell.m */ = {isa = PBXFileReference; fileEncoding = 4; lastKnownFileType = sourcecode.c.objc; path = JiLuCaiViewCell.m; sourceTree = "<group>"; };
		91DAECB31D12393600460F4E /* JiLuCaiViewCell.xib */ = {isa = PBXFileReference; fileEncoding = 4; lastKnownFileType = file.xib; path = JiLuCaiViewCell.xib; sourceTree = "<group>"; };
		91DAECB41D12393600460F4E /* TradeContentView.h */ = {isa = PBXFileReference; fileEncoding = 4; lastKnownFileType = sourcecode.c.h; path = TradeContentView.h; sourceTree = "<group>"; };
		91DAECB51D12393600460F4E /* TradeContentView.m */ = {isa = PBXFileReference; fileEncoding = 4; lastKnownFileType = sourcecode.c.objc; path = TradeContentView.m; sourceTree = "<group>"; };
		91DAECB61D12393600460F4E /* TradeContentView.xib */ = {isa = PBXFileReference; fileEncoding = 4; lastKnownFileType = file.xib; path = TradeContentView.xib; sourceTree = "<group>"; };
		91DAECB71D12393600460F4E /* TypeTableViewCell.h */ = {isa = PBXFileReference; fileEncoding = 4; lastKnownFileType = sourcecode.c.h; path = TypeTableViewCell.h; sourceTree = "<group>"; };
		91DAECB81D12393600460F4E /* TypeTableViewCell.m */ = {isa = PBXFileReference; fileEncoding = 4; lastKnownFileType = sourcecode.c.objc; path = TypeTableViewCell.m; sourceTree = "<group>"; };
		91DAECB91D12393600460F4E /* TypeTableViewCell.xib */ = {isa = PBXFileReference; fileEncoding = 4; lastKnownFileType = file.xib; path = TypeTableViewCell.xib; sourceTree = "<group>"; };
		91DAECBC1D12393600460F4E /* BookingManagerViewController.h */ = {isa = PBXFileReference; fileEncoding = 4; lastKnownFileType = sourcecode.c.h; path = BookingManagerViewController.h; sourceTree = "<group>"; };
		91DAECBD1D12393600460F4E /* BookingManagerViewController.m */ = {isa = PBXFileReference; fileEncoding = 4; lastKnownFileType = sourcecode.c.objc; path = BookingManagerViewController.m; sourceTree = "<group>"; };
		91DAECBE1D12393600460F4E /* BookingManagerViewController.xib */ = {isa = PBXFileReference; fileEncoding = 4; lastKnownFileType = file.xib; path = BookingManagerViewController.xib; sourceTree = "<group>"; };
		91DAECC81D12393600460F4E /* AboutSettingsView.h */ = {isa = PBXFileReference; fileEncoding = 4; lastKnownFileType = sourcecode.c.h; path = AboutSettingsView.h; sourceTree = "<group>"; };
		91DAECC91D12393600460F4E /* AboutSettingsView.m */ = {isa = PBXFileReference; fileEncoding = 4; lastKnownFileType = sourcecode.c.objc; path = AboutSettingsView.m; sourceTree = "<group>"; };
		91DAECCA1D12393600460F4E /* AboutSettingsView.xib */ = {isa = PBXFileReference; fileEncoding = 4; lastKnownFileType = file.xib; path = AboutSettingsView.xib; sourceTree = "<group>"; };
		91DAECCB1D12393600460F4E /* DeviceTestView.h */ = {isa = PBXFileReference; fileEncoding = 4; lastKnownFileType = sourcecode.c.h; path = DeviceTestView.h; sourceTree = "<group>"; };
		91DAECCC1D12393600460F4E /* DeviceTestView.m */ = {isa = PBXFileReference; fileEncoding = 4; lastKnownFileType = sourcecode.c.objc; path = DeviceTestView.m; sourceTree = "<group>"; };
		91DAECCD1D12393600460F4E /* DeviceTestView.xib */ = {isa = PBXFileReference; fileEncoding = 4; lastKnownFileType = file.xib; path = DeviceTestView.xib; sourceTree = "<group>"; };
		91DAECCE1D12393600460F4E /* EstimateSettingView.h */ = {isa = PBXFileReference; fileEncoding = 4; lastKnownFileType = sourcecode.c.h; path = EstimateSettingView.h; sourceTree = "<group>"; };
		91DAECCF1D12393600460F4E /* EstimateSettingView.m */ = {isa = PBXFileReference; fileEncoding = 4; lastKnownFileType = sourcecode.c.objc; path = EstimateSettingView.m; sourceTree = "<group>"; };
		91DAECD01D12393600460F4E /* EstimateSettingView.xib */ = {isa = PBXFileReference; fileEncoding = 4; lastKnownFileType = file.xib; path = EstimateSettingView.xib; sourceTree = "<group>"; };
		91DAECD11D12393600460F4E /* EstimateView.h */ = {isa = PBXFileReference; fileEncoding = 4; lastKnownFileType = sourcecode.c.h; path = EstimateView.h; sourceTree = "<group>"; };
		91DAECD21D12393600460F4E /* EstimateView.m */ = {isa = PBXFileReference; fileEncoding = 4; lastKnownFileType = sourcecode.c.objc; path = EstimateView.m; sourceTree = "<group>"; };
		91DAECD31D12393600460F4E /* EstimateView.xib */ = {isa = PBXFileReference; fileEncoding = 4; lastKnownFileType = file.xib; path = EstimateView.xib; sourceTree = "<group>"; };
		91DAECD41D12393600460F4E /* FoodCollectionViewCell.h */ = {isa = PBXFileReference; fileEncoding = 4; lastKnownFileType = sourcecode.c.h; path = FoodCollectionViewCell.h; sourceTree = "<group>"; };
		91DAECD51D12393600460F4E /* FoodCollectionViewCell.m */ = {isa = PBXFileReference; fileEncoding = 4; lastKnownFileType = sourcecode.c.objc; path = FoodCollectionViewCell.m; sourceTree = "<group>"; };
		91DAECD61D12393600460F4E /* FoodCollectionViewCell.xib */ = {isa = PBXFileReference; fileEncoding = 4; lastKnownFileType = file.xib; path = FoodCollectionViewCell.xib; sourceTree = "<group>"; };
		91DAECD71D12393600460F4E /* LM_button.h */ = {isa = PBXFileReference; fileEncoding = 4; lastKnownFileType = sourcecode.c.h; path = LM_button.h; sourceTree = "<group>"; };
		91DAECD81D12393600460F4E /* LM_button.m */ = {isa = PBXFileReference; fileEncoding = 4; lastKnownFileType = sourcecode.c.objc; path = LM_button.m; sourceTree = "<group>"; };
		91DAECD91D12393600460F4E /* PrintSettingsView.h */ = {isa = PBXFileReference; fileEncoding = 4; lastKnownFileType = sourcecode.c.h; path = PrintSettingsView.h; sourceTree = "<group>"; };
		91DAECDA1D12393600460F4E /* PrintSettingsView.m */ = {isa = PBXFileReference; fileEncoding = 4; lastKnownFileType = sourcecode.c.objc; path = PrintSettingsView.m; sourceTree = "<group>"; };
		91DAECDB1D12393600460F4E /* PrintSettingsView.xib */ = {isa = PBXFileReference; fileEncoding = 4; lastKnownFileType = file.xib; path = PrintSettingsView.xib; sourceTree = "<group>"; };
		91DAECDC1D12393600460F4E /* PrintSettingTableViewCell.h */ = {isa = PBXFileReference; fileEncoding = 4; lastKnownFileType = sourcecode.c.h; path = PrintSettingTableViewCell.h; sourceTree = "<group>"; };
		91DAECDD1D12393600460F4E /* PrintSettingTableViewCell.m */ = {isa = PBXFileReference; fileEncoding = 4; lastKnownFileType = sourcecode.c.objc; path = PrintSettingTableViewCell.m; sourceTree = "<group>"; };
		91DAECDE1D12393600460F4E /* PrintSettingTableViewCell.xib */ = {isa = PBXFileReference; fileEncoding = 4; lastKnownFileType = file.xib; path = PrintSettingTableViewCell.xib; sourceTree = "<group>"; };
		91DAECDF1D12393600460F4E /* UpdatePasswordView.h */ = {isa = PBXFileReference; fileEncoding = 4; lastKnownFileType = sourcecode.c.h; path = UpdatePasswordView.h; sourceTree = "<group>"; };
		91DAECE01D12393600460F4E /* UpdatePasswordView.m */ = {isa = PBXFileReference; fileEncoding = 4; lastKnownFileType = sourcecode.c.objc; path = UpdatePasswordView.m; sourceTree = "<group>"; };
		91DAECE11D12393600460F4E /* UpdatePasswordView.xib */ = {isa = PBXFileReference; fileEncoding = 4; lastKnownFileType = file.xib; path = UpdatePasswordView.xib; sourceTree = "<group>"; };
		91DAECE41D12393600460F4E /* VipViewController.h */ = {isa = PBXFileReference; fileEncoding = 4; lastKnownFileType = sourcecode.c.h; path = VipViewController.h; sourceTree = "<group>"; };
		91DAECE51D12393600460F4E /* VipViewController.m */ = {isa = PBXFileReference; fileEncoding = 4; lastKnownFileType = sourcecode.c.objc; path = VipViewController.m; sourceTree = "<group>"; };
		91DAECE61D12393600460F4E /* VipViewController.xib */ = {isa = PBXFileReference; fileEncoding = 4; lastKnownFileType = file.xib; path = VipViewController.xib; sourceTree = "<group>"; };
		91DAECE91D12393600460F4E /* VIPLeftView.h */ = {isa = PBXFileReference; fileEncoding = 4; lastKnownFileType = sourcecode.c.h; path = VIPLeftView.h; sourceTree = "<group>"; };
		91DAECEA1D12393600460F4E /* VIPLeftView.m */ = {isa = PBXFileReference; fileEncoding = 4; lastKnownFileType = sourcecode.c.objc; path = VIPLeftView.m; sourceTree = "<group>"; };
		91DAECEB1D12393600460F4E /* VIPLeftView.xib */ = {isa = PBXFileReference; fileEncoding = 4; lastKnownFileType = file.xib; path = VIPLeftView.xib; sourceTree = "<group>"; };
		91DAECEC1D12393600460F4E /* VIPTableViewCell.h */ = {isa = PBXFileReference; fileEncoding = 4; lastKnownFileType = sourcecode.c.h; path = VIPTableViewCell.h; sourceTree = "<group>"; };
		91DAECED1D12393600460F4E /* VIPTableViewCell.m */ = {isa = PBXFileReference; fileEncoding = 4; lastKnownFileType = sourcecode.c.objc; path = VIPTableViewCell.m; sourceTree = "<group>"; };
		91DAECEE1D12393600460F4E /* VIPTableViewCell.xib */ = {isa = PBXFileReference; fileEncoding = 4; lastKnownFileType = file.xib; path = VIPTableViewCell.xib; sourceTree = "<group>"; };
		91DAED161D12399600460F4E /* BaseSettingsViewController.h */ = {isa = PBXFileReference; fileEncoding = 4; lastKnownFileType = sourcecode.c.h; path = BaseSettingsViewController.h; sourceTree = "<group>"; };
		91DAED181D12399600460F4E /* BaseSettingsViewController.xib */ = {isa = PBXFileReference; fileEncoding = 4; lastKnownFileType = file.xib; path = BaseSettingsViewController.xib; sourceTree = "<group>"; };
		91DAED1B1D123AF700460F4E /* BaseSettingsViewController.m */ = {isa = PBXFileReference; lastKnownFileType = sourcecode.c.objc; name = BaseSettingsViewController.m; path = "../../../../FunctionMenu(功能菜单)/Settings(系统设置)/Controller/BaseSettingsViewController.m"; sourceTree = "<group>"; };
/* End PBXFileReference section */

/* Begin PBXFrameworksBuildPhase section */
		76D45C6B1D0CFD3B0026491F /* Frameworks */ = {
			isa = PBXFrameworksBuildPhase;
			buildActionMask = 2147483647;
			files = (
				040AFC8569EBF84ABB39E999 /* libPods.a in Frameworks */,
			);
			runOnlyForDeploymentPostprocessing = 0;
		};
		76D45C841D0CFD3B0026491F /* Frameworks */ = {
			isa = PBXFrameworksBuildPhase;
			buildActionMask = 2147483647;
			files = (
			);
			runOnlyForDeploymentPostprocessing = 0;
		};
		76D45C8F1D0CFD3C0026491F /* Frameworks */ = {
			isa = PBXFrameworksBuildPhase;
			buildActionMask = 2147483647;
			files = (
			);
			runOnlyForDeploymentPostprocessing = 0;
		};
/* End PBXFrameworksBuildPhase section */

/* Begin PBXGroup section */
		61409CEBC5EC687B81CF5D5F /* Frameworks */ = {
			isa = PBXGroup;
			children = (
				073B094CD599E52328204BCD /* libPods.a */,
			);
			name = Frameworks;
			sourceTree = "<group>";
		};
		76D45C651D0CFD3B0026491F = {
			isa = PBXGroup;
			children = (
				76D45C701D0CFD3B0026491F /* G2Catering */,
				76D45C8A1D0CFD3B0026491F /* G2CateringTests */,
				76D45C951D0CFD3C0026491F /* G2CateringUITests */,
				76D45C6F1D0CFD3B0026491F /* Products */,
				BCBCDE88EDDFD9597B01BB42 /* Pods */,
				61409CEBC5EC687B81CF5D5F /* Frameworks */,
			);
			sourceTree = "<group>";
		};
		76D45C6F1D0CFD3B0026491F /* Products */ = {
			isa = PBXGroup;
			children = (
				76D45C6E1D0CFD3B0026491F /* G2Catering.app */,
				76D45C871D0CFD3B0026491F /* G2CateringTests.xctest */,
				76D45C921D0CFD3C0026491F /* G2CateringUITests.xctest */,
			);
			name = Products;
			sourceTree = "<group>";
		};
		76D45C701D0CFD3B0026491F /* G2Catering */ = {
			isa = PBXGroup;
			children = (
				76D6E9BC1D0FA3070014DA13 /* Expand(拓展) */,
				91DAEC9F1D12393600460F4E /* FunctionMenu(功能菜单) */,
				76D6E9D81D0FA3070014DA13 /* Main(主界面) */,
				76D6E9F81D0FA3070014DA13 /* Other */,
				76D6E9FD1D0FA3070014DA13 /* Resources(资源) */,
				76D6EA041D0FA3070014DA13 /* Vendors(第三方) */,
				76D45C7D1D0CFD3B0026491F /* Assets.xcassets */,
			);
			path = G2Catering;
			sourceTree = "<group>";
		};
		76D45C8A1D0CFD3B0026491F /* G2CateringTests */ = {
			isa = PBXGroup;
			children = (
				76D45C8B1D0CFD3B0026491F /* G2CateringTests.m */,
				76D45C8D1D0CFD3B0026491F /* Info.plist */,
			);
			path = G2CateringTests;
			sourceTree = "<group>";
		};
		76D45C951D0CFD3C0026491F /* G2CateringUITests */ = {
			isa = PBXGroup;
			children = (
				76D45C961D0CFD3C0026491F /* G2CateringUITests.m */,
				76D45C981D0CFD3C0026491F /* Info.plist */,
			);
			path = G2CateringUITests;
			sourceTree = "<group>";
		};
		76D6E9BC1D0FA3070014DA13 /* Expand(拓展) */ = {
			isa = PBXGroup;
			children = (
				76D6E9BD1D0FA3070014DA13 /* Category(分类) */,
				76D6E9BE1D0FA3070014DA13 /* Macros(宏) */,
				76D6E9BF1D0FA3070014DA13 /* Network(网络) */,
				76D6E9C21D0FA3070014DA13 /* Tool(工具类) */,
			);
			path = "Expand(拓展)";
			sourceTree = "<group>";
		};
		76D6E9BD1D0FA3070014DA13 /* Category(分类) */ = {
			isa = PBXGroup;
			children = (
			);
			path = "Category(分类)";
			sourceTree = "<group>";
		};
		76D6E9BE1D0FA3070014DA13 /* Macros(宏) */ = {
			isa = PBXGroup;
			children = (
				76D6EA591D0FE14E0014DA13 /* DimensMacros.h */,
				76D6EA5A1D0FE1D80014DA13 /* UtilsMacros.h */,
				76D6EA5B1D0FE2430014DA13 /* Macros.h */,
			);
			path = "Macros(宏)";
			sourceTree = "<group>";
		};
		76D6E9BF1D0FA3070014DA13 /* Network(网络) */ = {
			isa = PBXGroup;
			children = (
				76D6E9C01D0FA3070014DA13 /* HttpTool.h */,
				76D6E9C11D0FA3070014DA13 /* HttpTool.m */,
			);
			path = "Network(网络)";
			sourceTree = "<group>";
		};
		76D6E9C21D0FA3070014DA13 /* Tool(工具类) */ = {
			isa = PBXGroup;
			children = (
			);
			path = "Tool(工具类)";
			sourceTree = "<group>";
		};
		76D6E9D81D0FA3070014DA13 /* Main(主界面) */ = {
			isa = PBXGroup;
			children = (
				76D6E9D91D0FA3070014DA13 /* DinnerTable(餐台) */,
				76D6E9DD1D0FA3070014DA13 /* Ordering(点单) */,
				76D6E9E71D0FA3070014DA13 /* Other */,
				76D6E9F41D0FA3070014DA13 /* Retail(零售) */,
			);
			path = "Main(主界面)";
			sourceTree = "<group>";
		};
		76D6E9D91D0FA3070014DA13 /* DinnerTable(餐台) */ = {
			isa = PBXGroup;
			children = (
				76D6E9DA1D0FA3070014DA13 /* Controller */,
				76D6E9DB1D0FA3070014DA13 /* Model */,
				76D6E9DC1D0FA3070014DA13 /* View */,
			);
			path = "DinnerTable(餐台)";
			sourceTree = "<group>";
		};
		76D6E9DA1D0FA3070014DA13 /* Controller */ = {
			isa = PBXGroup;
			children = (
				76D6EA5C1D0FE4550014DA13 /* DinnerTableViewController.h */,
				76D6EA5D1D0FE4550014DA13 /* DinnerTableViewController.m */,
				76D6EA5E1D0FE4550014DA13 /* DinnerTableViewController.xib */,
			);
			path = Controller;
			sourceTree = "<group>";
		};
		76D6E9DB1D0FA3070014DA13 /* Model */ = {
			isa = PBXGroup;
			children = (
			);
			path = Model;
			sourceTree = "<group>";
		};
		76D6E9DC1D0FA3070014DA13 /* View */ = {
			isa = PBXGroup;
			children = (
			);
			path = View;
			sourceTree = "<group>";
		};
		76D6E9DD1D0FA3070014DA13 /* Ordering(点单) */ = {
			isa = PBXGroup;
			children = (
				76D6E9DE1D0FA3070014DA13 /* Controller */,
				76D6E9E21D0FA3070014DA13 /* Model */,
				76D6E9E31D0FA3070014DA13 /* View */,
			);
			path = "Ordering(点单)";
			sourceTree = "<group>";
		};
		76D6E9DE1D0FA3070014DA13 /* Controller */ = {
			isa = PBXGroup;
			children = (
				76D6E9DF1D0FA3070014DA13 /* OrderingViewController.h */,
				76D6E9E01D0FA3070014DA13 /* OrderingViewController.m */,
				76D6E9E11D0FA3070014DA13 /* OrderingViewController.xib */,
			);
			path = Controller;
			sourceTree = "<group>";
		};
		76D6E9E21D0FA3070014DA13 /* Model */ = {
			isa = PBXGroup;
			children = (
			);
			path = Model;
			sourceTree = "<group>";
		};
		76D6E9E31D0FA3070014DA13 /* View */ = {
			isa = PBXGroup;
			children = (
				76D6E9E41D0FA3070014DA13 /* OrderingCollectionViewCell.h */,
				76D6E9E51D0FA3070014DA13 /* OrderingCollectionViewCell.m */,
				76D6E9E61D0FA3070014DA13 /* OrderingCollectionViewCell.xib */,
			);
			path = View;
			sourceTree = "<group>";
		};
		76D6E9E71D0FA3070014DA13 /* Other */ = {
			isa = PBXGroup;
			children = (
				76D6E9E81D0FA3070014DA13 /* Controller */,
				76D6E9EC1D0FA3070014DA13 /* Model */,
				76D6E9ED1D0FA3070014DA13 /* View */,
			);
			path = Other;
			sourceTree = "<group>";
		};
		76D6E9E81D0FA3070014DA13 /* Controller */ = {
			isa = PBXGroup;
			children = (
				76D6E9E91D0FA3070014DA13 /* MainViewController.h */,
				76D6E9EA1D0FA3070014DA13 /* MainViewController.m */,
				76D6E9EB1D0FA3070014DA13 /* MainViewController.xib */,
			);
			path = Controller;
			sourceTree = "<group>";
		};
		76D6E9EC1D0FA3070014DA13 /* Model */ = {
			isa = PBXGroup;
			children = (
			);
			path = Model;
			sourceTree = "<group>";
		};
		76D6E9ED1D0FA3070014DA13 /* View */ = {
			isa = PBXGroup;
			children = (
				76D6E9EE1D0FA3070014DA13 /* MainLeftView.h */,
				76D6E9EF1D0FA3070014DA13 /* MainLeftView.m */,
				76D6E9F01D0FA3070014DA13 /* MainLeftView.xib */,
				76D6E9F11D0FA3070014DA13 /* MainRightView.h */,
				76D6E9F21D0FA3070014DA13 /* MainRightView.m */,
				76D6E9F31D0FA3070014DA13 /* MainRightView.xib */,
			);
			path = View;
			sourceTree = "<group>";
		};
		76D6E9F41D0FA3070014DA13 /* Retail(零售) */ = {
			isa = PBXGroup;
			children = (
				76D6E9F51D0FA3070014DA13 /* Controller */,
				76D6E9F61D0FA3070014DA13 /* Model */,
				76D6E9F71D0FA3070014DA13 /* View */,
			);
			path = "Retail(零售)";
			sourceTree = "<group>";
		};
		76D6E9F51D0FA3070014DA13 /* Controller */ = {
			isa = PBXGroup;
			children = (
			);
			path = Controller;
			sourceTree = "<group>";
		};
		76D6E9F61D0FA3070014DA13 /* Model */ = {
			isa = PBXGroup;
			children = (
			);
			path = Model;
			sourceTree = "<group>";
		};
		76D6E9F71D0FA3070014DA13 /* View */ = {
			isa = PBXGroup;
			children = (
			);
			path = View;
			sourceTree = "<group>";
		};
		76D6E9F81D0FA3070014DA13 /* Other */ = {
			isa = PBXGroup;
			children = (
				76D6E9F91D0FA3070014DA13 /* AppDelegate.h */,
				76D6E9FA1D0FA3070014DA13 /* AppDelegate.m */,
				76D6E9FB1D0FA3070014DA13 /* main.m */,
				76D6E9FC1D0FA3070014DA13 /* PrefixHeader.pch */,
			);
			path = Other;
			sourceTree = "<group>";
		};
		76D6E9FD1D0FA3070014DA13 /* Resources(资源) */ = {
			isa = PBXGroup;
			children = (
				76D6E9FE1D0FA3070014DA13 /* Image */,
				76D6E9FF1D0FA3070014DA13 /* Plist */,
				76D6EA011D0FA3070014DA13 /* Storyboard */,
			);
			path = "Resources(资源)";
			sourceTree = "<group>";
		};
		76D6E9FE1D0FA3070014DA13 /* Image */ = {
			isa = PBXGroup;
			children = (
			);
			path = Image;
			sourceTree = "<group>";
		};
		76D6E9FF1D0FA3070014DA13 /* Plist */ = {
			isa = PBXGroup;
			children = (
				76D6EA001D0FA3070014DA13 /* Info.plist */,
			);
			path = Plist;
			sourceTree = "<group>";
		};
		76D6EA011D0FA3070014DA13 /* Storyboard */ = {
			isa = PBXGroup;
			children = (
				76D6EA021D0FA3070014DA13 /* LaunchScreen.storyboard */,
				76D6EA031D0FA3070014DA13 /* Main.storyboard */,
			);
			path = Storyboard;
			sourceTree = "<group>";
		};
		76D6EA041D0FA3070014DA13 /* Vendors(第三方) */ = {
			isa = PBXGroup;
			children = (
				81E650B41D115516000A26C7 /* FSCalendar */,
			);
			path = "Vendors(第三方)";
			sourceTree = "<group>";
		};
		81E650B41D115516000A26C7 /* FSCalendar */ = {
			isa = PBXGroup;
			children = (
				81E650D31D115516000A26C7 /* FSCalendar+IBExtension.h */,
				81E650D41D115516000A26C7 /* FSCalendar+IBExtension.m */,
				81E650D51D115516000A26C7 /* FSCalendar.h */,
				81E650D61D115516000A26C7 /* FSCalendar.m */,
				81E650D71D115516000A26C7 /* FSCalendarAppearance.h */,
				81E650D81D115516000A26C7 /* FSCalendarAppearance.m */,
				81E650D91D115516000A26C7 /* FSCalendarCell.h */,
				81E650DA1D115516000A26C7 /* FSCalendarCell.m */,
				81E650DB1D115516000A26C7 /* FSCalendarCollectionView.h */,
				81E650DC1D115516000A26C7 /* FSCalendarCollectionView.m */,
				81E650DD1D115516000A26C7 /* FSCalendarConstance.h */,
				81E650DE1D115516000A26C7 /* FSCalendarConstance.m */,
				81E650DF1D115516000A26C7 /* FSCalendarDynamicHeader.h */,
				81E650E01D115516000A26C7 /* FSCalendarFlowLayout.h */,
				81E650E11D115516000A26C7 /* FSCalendarFlowLayout.m */,
				81E650E21D115516000A26C7 /* FSCalendarHeader.h */,
				81E650E31D115516000A26C7 /* FSCalendarHeader.m */,
				81E650E41D115516000A26C7 /* FSCalendarStickyHeader.h */,
				81E650E51D115516000A26C7 /* FSCalendarStickyHeader.m */,
				81E650E61D115516000A26C7 /* LICENSE */,
				81E650E71D115516000A26C7 /* NSDate+FSExtension.h */,
				81E650E81D115516000A26C7 /* NSDate+FSExtension.m */,
				81E650E91D115516000A26C7 /* NSDate+TEAExtensions.h */,
				81E650EA1D115516000A26C7 /* NSDate+TEAExtensions.m */,
				81E650EB1D115516000A26C7 /* NSString+FSExtension.h */,
				81E650EC1D115516000A26C7 /* NSString+FSExtension.m */,
				81E650ED1D115516000A26C7 /* README.md */,
				81E650EE1D115516000A26C7 /* UIView+FSExtension.h */,
				81E650EF1D115516000A26C7 /* UIView+FSExtension.m */,
			);
			path = FSCalendar;
			sourceTree = "<group>";
		};
		91DAEC9F1D12393600460F4E /* FunctionMenu(功能菜单) */ = {
			isa = PBXGroup;
			children = (
				91DAECA01D12393600460F4E /* DataReport(数据报告) */,
				91DAECA41D12393600460F4E /* OrderRecord(订单记录) */,
				91DAECBA1D12393600460F4E /* ReserveManager(预定管理) */,
				91DAECC11D12393600460F4E /* Settings(系统设置) */,
				91DAECE21D12393600460F4E /* VIPManager(会员管理) */,
			);
			name = "FunctionMenu(功能菜单)";
			path = "Expand(拓展)/FunctionMenu(功能菜单)";
			sourceTree = "<group>";
		};
		91DAECA01D12393600460F4E /* DataReport(数据报告) */ = {
			isa = PBXGroup;
			children = (
				91DAECA11D12393600460F4E /* Controller */,
				91DAECA21D12393600460F4E /* Model */,
				91DAECA31D12393600460F4E /* View */,
			);
			path = "DataReport(数据报告)";
			sourceTree = "<group>";
		};
		91DAECA11D12393600460F4E /* Controller */ = {
			isa = PBXGroup;
			children = (
			);
			path = Controller;
			sourceTree = "<group>";
		};
		91DAECA21D12393600460F4E /* Model */ = {
			isa = PBXGroup;
			children = (
			);
			path = Model;
			sourceTree = "<group>";
		};
		91DAECA31D12393600460F4E /* View */ = {
			isa = PBXGroup;
			children = (
			);
			path = View;
			sourceTree = "<group>";
		};
		91DAECA41D12393600460F4E /* OrderRecord(订单记录) */ = {
			isa = PBXGroup;
			children = (
				91DAECA51D12393600460F4E /* Controller */,
				91DAECAC1D12393600460F4E /* Model */,
				91DAECAD1D12393600460F4E /* View */,
			);
			path = "OrderRecord(订单记录)";
			sourceTree = "<group>";
		};
		91DAECA51D12393600460F4E /* Controller */ = {
			isa = PBXGroup;
			children = (
				91DAECA61D12393600460F4E /* JiaoYiJiLuViewController.h */,
				91DAECA71D12393600460F4E /* JiaoYiJiLuViewController.m */,
				91DAECA81D12393600460F4E /* JiaoYiJiLuViewController.xib */,
				91DAECA91D12393600460F4E /* TradeViewController.h */,
				91DAECAA1D12393600460F4E /* TradeViewController.m */,
				91DAECAB1D12393600460F4E /* TradeViewController.xib */,
			);
			path = Controller;
			sourceTree = "<group>";
		};
		91DAECAC1D12393600460F4E /* Model */ = {
			isa = PBXGroup;
			children = (
			);
			path = Model;
			sourceTree = "<group>";
		};
		91DAECAD1D12393600460F4E /* View */ = {
			isa = PBXGroup;
			children = (
				91DAECAE1D12393600460F4E /* JiaoYiJiLuCell.h */,
				91DAECAF1D12393600460F4E /* JiaoYiJiLuCell.m */,
				91DAECB01D12393600460F4E /* JiaoYiJiLuCell.xib */,
				91DAECB11D12393600460F4E /* JiLuCaiViewCell.h */,
				91DAECB21D12393600460F4E /* JiLuCaiViewCell.m */,
				91DAECB31D12393600460F4E /* JiLuCaiViewCell.xib */,
				91DAECB41D12393600460F4E /* TradeContentView.h */,
				91DAECB51D12393600460F4E /* TradeContentView.m */,
				91DAECB61D12393600460F4E /* TradeContentView.xib */,
				91DAECB71D12393600460F4E /* TypeTableViewCell.h */,
				91DAECB81D12393600460F4E /* TypeTableViewCell.m */,
				91DAECB91D12393600460F4E /* TypeTableViewCell.xib */,
			);
			path = View;
			sourceTree = "<group>";
		};
		91DAECBA1D12393600460F4E /* ReserveManager(预定管理) */ = {
			isa = PBXGroup;
			children = (
				91DAECBB1D12393600460F4E /* Controller */,
				91DAECBF1D12393600460F4E /* Model */,
				91DAECC01D12393600460F4E /* View */,
			);
			path = "ReserveManager(预定管理)";
			sourceTree = "<group>";
		};
		91DAECBB1D12393600460F4E /* Controller */ = {
			isa = PBXGroup;
			children = (
				91DAECBC1D12393600460F4E /* BookingManagerViewController.h */,
				91DAECBD1D12393600460F4E /* BookingManagerViewController.m */,
				91DAECBE1D12393600460F4E /* BookingManagerViewController.xib */,
			);
			path = Controller;
			sourceTree = "<group>";
		};
		91DAECBF1D12393600460F4E /* Model */ = {
			isa = PBXGroup;
			children = (
			);
			path = Model;
			sourceTree = "<group>";
		};
		91DAECC01D12393600460F4E /* View */ = {
			isa = PBXGroup;
			children = (
			);
			path = View;
			sourceTree = "<group>";
		};
		91DAECC11D12393600460F4E /* Settings(系统设置) */ = {
			isa = PBXGroup;
			children = (
				91DAECC21D12393600460F4E /* Controller */,
				91DAECC61D12393600460F4E /* Model */,
				91DAECC71D12393600460F4E /* View */,
			);
			path = "Settings(系统设置)";
			sourceTree = "<group>";
		};
		91DAECC21D12393600460F4E /* Controller */ = {
			isa = PBXGroup;
			children = (
				91DAED161D12399600460F4E /* BaseSettingsViewController.h */,
				91DAED1B1D123AF700460F4E /* BaseSettingsViewController.m */,
				91DAED181D12399600460F4E /* BaseSettingsViewController.xib */,
			);
			path = Controller;
			sourceTree = "<group>";
		};
		91DAECC61D12393600460F4E /* Model */ = {
			isa = PBXGroup;
			children = (
			);
			path = Model;
			sourceTree = "<group>";
		};
		91DAECC71D12393600460F4E /* View */ = {
			isa = PBXGroup;
			children = (
				91DAECC81D12393600460F4E /* AboutSettingsView.h */,
				91DAECC91D12393600460F4E /* AboutSettingsView.m */,
				91DAECCA1D12393600460F4E /* AboutSettingsView.xib */,
				91DAECCB1D12393600460F4E /* DeviceTestView.h */,
				91DAECCC1D12393600460F4E /* DeviceTestView.m */,
				91DAECCD1D12393600460F4E /* DeviceTestView.xib */,
				91DAECCE1D12393600460F4E /* EstimateSettingView.h */,
				91DAECCF1D12393600460F4E /* EstimateSettingView.m */,
				91DAECD01D12393600460F4E /* EstimateSettingView.xib */,
				91DAECD11D12393600460F4E /* EstimateView.h */,
				91DAECD21D12393600460F4E /* EstimateView.m */,
				91DAECD31D12393600460F4E /* EstimateView.xib */,
				91DAECD41D12393600460F4E /* FoodCollectionViewCell.h */,
				91DAECD51D12393600460F4E /* FoodCollectionViewCell.m */,
				91DAECD61D12393600460F4E /* FoodCollectionViewCell.xib */,
				91DAECD71D12393600460F4E /* LM_button.h */,
				91DAECD81D12393600460F4E /* LM_button.m */,
				91DAECD91D12393600460F4E /* PrintSettingsView.h */,
				91DAECDA1D12393600460F4E /* PrintSettingsView.m */,
				91DAECDB1D12393600460F4E /* PrintSettingsView.xib */,
				91DAECDC1D12393600460F4E /* PrintSettingTableViewCell.h */,
				91DAECDD1D12393600460F4E /* PrintSettingTableViewCell.m */,
				91DAECDE1D12393600460F4E /* PrintSettingTableViewCell.xib */,
				91DAECDF1D12393600460F4E /* UpdatePasswordView.h */,
				91DAECE01D12393600460F4E /* UpdatePasswordView.m */,
				91DAECE11D12393600460F4E /* UpdatePasswordView.xib */,
			);
			path = View;
			sourceTree = "<group>";
		};
		91DAECE21D12393600460F4E /* VIPManager(会员管理) */ = {
			isa = PBXGroup;
			children = (
				91DAECE31D12393600460F4E /* Controller */,
				91DAECE71D12393600460F4E /* Model */,
				91DAECE81D12393600460F4E /* View */,
			);
			path = "VIPManager(会员管理)";
			sourceTree = "<group>";
		};
		91DAECE31D12393600460F4E /* Controller */ = {
			isa = PBXGroup;
			children = (
				91DAECE41D12393600460F4E /* VipViewController.h */,
				91DAECE51D12393600460F4E /* VipViewController.m */,
				91DAECE61D12393600460F4E /* VipViewController.xib */,
			);
			path = Controller;
			sourceTree = "<group>";
		};
		91DAECE71D12393600460F4E /* Model */ = {
			isa = PBXGroup;
			children = (
			);
			path = Model;
			sourceTree = "<group>";
		};
		91DAECE81D12393600460F4E /* View */ = {
			isa = PBXGroup;
			children = (
				91DAECE91D12393600460F4E /* VIPLeftView.h */,
				91DAECEA1D12393600460F4E /* VIPLeftView.m */,
				91DAECEB1D12393600460F4E /* VIPLeftView.xib */,
				91DAECEC1D12393600460F4E /* VIPTableViewCell.h */,
				91DAECED1D12393600460F4E /* VIPTableViewCell.m */,
				91DAECEE1D12393600460F4E /* VIPTableViewCell.xib */,
			);
			path = View;
			sourceTree = "<group>";
		};
		BCBCDE88EDDFD9597B01BB42 /* Pods */ = {
			isa = PBXGroup;
			children = (
				2B4E00C8C92ACE2E7EE03E02 /* Pods.debug.xcconfig */,
				8A99B5CD036CAE879C22EB66 /* Pods.release.xcconfig */,
			);
			name = Pods;
			sourceTree = "<group>";
		};
/* End PBXGroup section */

/* Begin PBXNativeTarget section */
		76D45C6D1D0CFD3B0026491F /* G2Catering */ = {
			isa = PBXNativeTarget;
			buildConfigurationList = 76D45C9B1D0CFD3C0026491F /* Build configuration list for PBXNativeTarget "G2Catering" */;
			buildPhases = (
				144BDD570535760DCA73FE00 /* Check Pods Manifest.lock */,
				76D45C6A1D0CFD3B0026491F /* Sources */,
				76D45C6B1D0CFD3B0026491F /* Frameworks */,
				76D45C6C1D0CFD3B0026491F /* Resources */,
				C86F6BF80670D4F343FF41DA /* Embed Pods Frameworks */,
				CC968571705BF817130CC8EA /* Copy Pods Resources */,
			);
			buildRules = (
			);
			dependencies = (
			);
			name = G2Catering;
			productName = G2Catering;
			productReference = 76D45C6E1D0CFD3B0026491F /* G2Catering.app */;
			productType = "com.apple.product-type.application";
		};
		76D45C861D0CFD3B0026491F /* G2CateringTests */ = {
			isa = PBXNativeTarget;
			buildConfigurationList = 76D45C9E1D0CFD3C0026491F /* Build configuration list for PBXNativeTarget "G2CateringTests" */;
			buildPhases = (
				76D45C831D0CFD3B0026491F /* Sources */,
				76D45C841D0CFD3B0026491F /* Frameworks */,
				76D45C851D0CFD3B0026491F /* Resources */,
			);
			buildRules = (
			);
			dependencies = (
				76D45C891D0CFD3B0026491F /* PBXTargetDependency */,
			);
			name = G2CateringTests;
			productName = G2CateringTests;
			productReference = 76D45C871D0CFD3B0026491F /* G2CateringTests.xctest */;
			productType = "com.apple.product-type.bundle.unit-test";
		};
		76D45C911D0CFD3C0026491F /* G2CateringUITests */ = {
			isa = PBXNativeTarget;
			buildConfigurationList = 76D45CA11D0CFD3C0026491F /* Build configuration list for PBXNativeTarget "G2CateringUITests" */;
			buildPhases = (
				76D45C8E1D0CFD3C0026491F /* Sources */,
				76D45C8F1D0CFD3C0026491F /* Frameworks */,
				76D45C901D0CFD3C0026491F /* Resources */,
			);
			buildRules = (
			);
			dependencies = (
				76D45C941D0CFD3C0026491F /* PBXTargetDependency */,
			);
			name = G2CateringUITests;
			productName = G2CateringUITests;
			productReference = 76D45C921D0CFD3C0026491F /* G2CateringUITests.xctest */;
			productType = "com.apple.product-type.bundle.ui-testing";
		};
/* End PBXNativeTarget section */

/* Begin PBXProject section */
		76D45C661D0CFD3B0026491F /* Project object */ = {
			isa = PBXProject;
			attributes = {
				LastUpgradeCheck = 0730;
				ORGANIZATIONNAME = NDL;
				TargetAttributes = {
					76D45C6D1D0CFD3B0026491F = {
						CreatedOnToolsVersion = 7.3.1;
					};
					76D45C861D0CFD3B0026491F = {
						CreatedOnToolsVersion = 7.3.1;
						TestTargetID = 76D45C6D1D0CFD3B0026491F;
					};
					76D45C911D0CFD3C0026491F = {
						CreatedOnToolsVersion = 7.3.1;
						TestTargetID = 76D45C6D1D0CFD3B0026491F;
					};
				};
			};
			buildConfigurationList = 76D45C691D0CFD3B0026491F /* Build configuration list for PBXProject "G2Catering" */;
			compatibilityVersion = "Xcode 3.2";
			developmentRegion = English;
			hasScannedForEncodings = 0;
			knownRegions = (
				en,
				Base,
			);
			mainGroup = 76D45C651D0CFD3B0026491F;
			productRefGroup = 76D45C6F1D0CFD3B0026491F /* Products */;
			projectDirPath = "";
			projectRoot = "";
			targets = (
				76D45C6D1D0CFD3B0026491F /* G2Catering */,
				76D45C861D0CFD3B0026491F /* G2CateringTests */,
				76D45C911D0CFD3C0026491F /* G2CateringUITests */,
			);
		};
/* End PBXProject section */

/* Begin PBXResourcesBuildPhase section */
		76D45C6C1D0CFD3B0026491F /* Resources */ = {
			isa = PBXResourcesBuildPhase;
			buildActionMask = 2147483647;
			files = (
				76D6EA0F1D0FA3070014DA13 /* MainRightView.xib in Resources */,
				91DAED151D12393600460F4E /* VIPTableViewCell.xib in Resources */,
				91DAECF01D12393600460F4E /* JiaoYiJiLuViewController.xib in Resources */,
				91DAED021D12393600460F4E /* DeviceTestView.xib in Resources */,
				91DAECFA1D12393600460F4E /* TypeTableViewCell.xib in Resources */,
				81E651071D115516000A26C7 /* LICENSE in Resources */,
				91DAED0F1D12393600460F4E /* UpdatePasswordView.xib in Resources */,
				91DAED0D1D12393600460F4E /* PrintSettingTableViewCell.xib in Resources */,
				91DAED001D12393600460F4E /* AboutSettingsView.xib in Resources */,
				76D6EA131D0FA3070014DA13 /* LaunchScreen.storyboard in Resources */,
				76D6EA0D1D0FA3070014DA13 /* MainLeftView.xib in Resources */,
				76D6EA601D0FE4550014DA13 /* DinnerTableViewController.xib in Resources */,
				91DAECF41D12393600460F4E /* JiaoYiJiLuCell.xib in Resources */,
				76D6EA071D0FA3070014DA13 /* OrderingViewController.xib in Resources */,
				91DAED1A1D12399600460F4E /* BaseSettingsViewController.xib in Resources */,
				76D45C7E1D0CFD3B0026491F /* Assets.xcassets in Resources */,
				76D6EA091D0FA3070014DA13 /* OrderingCollectionViewCell.xib in Resources */,
				91DAED111D12393600460F4E /* VipViewController.xib in Resources */,
				91DAECF61D12393600460F4E /* JiLuCaiViewCell.xib in Resources */,
				91DAECF81D12393600460F4E /* TradeContentView.xib in Resources */,
				91DAED131D12393600460F4E /* VIPLeftView.xib in Resources */,
				76D6EA141D0FA3070014DA13 /* Main.storyboard in Resources */,
				91DAECF21D12393600460F4E /* TradeViewController.xib in Resources */,
				91DAED081D12393600460F4E /* FoodCollectionViewCell.xib in Resources */,
				76D6EA0B1D0FA3070014DA13 /* MainViewController.xib in Resources */,
				91DAECFC1D12393600460F4E /* BookingManagerViewController.xib in Resources */,
				91DAED061D12393600460F4E /* EstimateView.xib in Resources */,
				76D6EA121D0FA3070014DA13 /* Info.plist in Resources */,
				91DAED041D12393600460F4E /* EstimateSettingView.xib in Resources */,
				91DAED0B1D12393600460F4E /* PrintSettingsView.xib in Resources */,
			);
			runOnlyForDeploymentPostprocessing = 0;
		};
		76D45C851D0CFD3B0026491F /* Resources */ = {
			isa = PBXResourcesBuildPhase;
			buildActionMask = 2147483647;
			files = (
			);
			runOnlyForDeploymentPostprocessing = 0;
		};
		76D45C901D0CFD3C0026491F /* Resources */ = {
			isa = PBXResourcesBuildPhase;
			buildActionMask = 2147483647;
			files = (
			);
			runOnlyForDeploymentPostprocessing = 0;
		};
/* End PBXResourcesBuildPhase section */

/* Begin PBXShellScriptBuildPhase section */
		144BDD570535760DCA73FE00 /* Check Pods Manifest.lock */ = {
			isa = PBXShellScriptBuildPhase;
			buildActionMask = 2147483647;
			files = (
			);
			inputPaths = (
			);
			name = "Check Pods Manifest.lock";
			outputPaths = (
			);
			runOnlyForDeploymentPostprocessing = 0;
			shellPath = /bin/sh;
			shellScript = "diff \"${PODS_ROOT}/../Podfile.lock\" \"${PODS_ROOT}/Manifest.lock\" > /dev/null\nif [[ $? != 0 ]] ; then\n    cat << EOM\nerror: The sandbox is not in sync with the Podfile.lock. Run 'pod install' or update your CocoaPods installation.\nEOM\n    exit 1\nfi\n";
			showEnvVarsInLog = 0;
		};
		C86F6BF80670D4F343FF41DA /* Embed Pods Frameworks */ = {
			isa = PBXShellScriptBuildPhase;
			buildActionMask = 2147483647;
			files = (
			);
			inputPaths = (
			);
			name = "Embed Pods Frameworks";
			outputPaths = (
			);
			runOnlyForDeploymentPostprocessing = 0;
			shellPath = /bin/sh;
			shellScript = "\"${SRCROOT}/Pods/Target Support Files/Pods/Pods-frameworks.sh\"\n";
			showEnvVarsInLog = 0;
		};
		CC968571705BF817130CC8EA /* Copy Pods Resources */ = {
			isa = PBXShellScriptBuildPhase;
			buildActionMask = 2147483647;
			files = (
			);
			inputPaths = (
			);
			name = "Copy Pods Resources";
			outputPaths = (
			);
			runOnlyForDeploymentPostprocessing = 0;
			shellPath = /bin/sh;
			shellScript = "\"${SRCROOT}/Pods/Target Support Files/Pods/Pods-resources.sh\"\n";
			showEnvVarsInLog = 0;
		};
/* End PBXShellScriptBuildPhase section */

/* Begin PBXSourcesBuildPhase section */
		76D45C6A1D0CFD3B0026491F /* Sources */ = {
			isa = PBXSourcesBuildPhase;
			buildActionMask = 2147483647;
			files = (
				91DAED1C1D123AF700460F4E /* BaseSettingsViewController.m in Sources */,
				81E651031D115516000A26C7 /* FSCalendarConstance.m in Sources */,
				76D6EA061D0FA3070014DA13 /* OrderingViewController.m in Sources */,
				91DAED011D12393600460F4E /* DeviceTestView.m in Sources */,
				76D6EA0C1D0FA3070014DA13 /* MainLeftView.m in Sources */,
				91DAECF71D12393600460F4E /* TradeContentView.m in Sources */,
				81E651081D115516000A26C7 /* NSDate+FSExtension.m in Sources */,
				81E6510B1D115516000A26C7 /* README.md in Sources */,
				91DAED0E1D12393600460F4E /* UpdatePasswordView.m in Sources */,
				81E651021D115516000A26C7 /* FSCalendarCollectionView.m in Sources */,
				81E651001D115516000A26C7 /* FSCalendarAppearance.m in Sources */,
				91DAECF11D12393600460F4E /* TradeViewController.m in Sources */,
				81E651091D115516000A26C7 /* NSDate+TEAExtensions.m in Sources */,
				91DAECFF1D12393600460F4E /* AboutSettingsView.m in Sources */,
				91DAED031D12393600460F4E /* EstimateSettingView.m in Sources */,
				91DAED071D12393600460F4E /* FoodCollectionViewCell.m in Sources */,
				76D6EA0E1D0FA3070014DA13 /* MainRightView.m in Sources */,
				81E6510C1D115516000A26C7 /* UIView+FSExtension.m in Sources */,
				81E650FE1D115516000A26C7 /* FSCalendar+IBExtension.m in Sources */,
				91DAED141D12393600460F4E /* VIPTableViewCell.m in Sources */,
				76D6EA5F1D0FE4550014DA13 /* DinnerTableViewController.m in Sources */,
				81E6510A1D115516000A26C7 /* NSString+FSExtension.m in Sources */,
				76D6EA081D0FA3070014DA13 /* OrderingCollectionViewCell.m in Sources */,
				91DAED0A1D12393600460F4E /* PrintSettingsView.m in Sources */,
				76D6EA051D0FA3070014DA13 /* HttpTool.m in Sources */,
				81E651051D115516000A26C7 /* FSCalendarHeader.m in Sources */,
				91DAED091D12393600460F4E /* LM_button.m in Sources */,
				76D6EA0A1D0FA3070014DA13 /* MainViewController.m in Sources */,
				91DAED101D12393600460F4E /* VipViewController.m in Sources */,
				91DAECF31D12393600460F4E /* JiaoYiJiLuCell.m in Sources */,
				91DAECF91D12393600460F4E /* TypeTableViewCell.m in Sources */,
				81E651061D115516000A26C7 /* FSCalendarStickyHeader.m in Sources */,
				91DAED121D12393600460F4E /* VIPLeftView.m in Sources */,
				76D6EA111D0FA3070014DA13 /* main.m in Sources */,
				81E651011D115516000A26C7 /* FSCalendarCell.m in Sources */,
				91DAED0C1D12393600460F4E /* PrintSettingTableViewCell.m in Sources */,
				81E650FF1D115516000A26C7 /* FSCalendar.m in Sources */,
				91DAED051D12393600460F4E /* EstimateView.m in Sources */,
				91DAECEF1D12393600460F4E /* JiaoYiJiLuViewController.m in Sources */,
				91DAECFB1D12393600460F4E /* BookingManagerViewController.m in Sources */,
				91DAECF51D12393600460F4E /* JiLuCaiViewCell.m in Sources */,
				81E651041D115516000A26C7 /* FSCalendarFlowLayout.m in Sources */,
				76D6EA101D0FA3070014DA13 /* AppDelegate.m in Sources */,
			);
			runOnlyForDeploymentPostprocessing = 0;
		};
		76D45C831D0CFD3B0026491F /* Sources */ = {
			isa = PBXSourcesBuildPhase;
			buildActionMask = 2147483647;
			files = (
				76D45C8C1D0CFD3B0026491F /* G2CateringTests.m in Sources */,
			);
			runOnlyForDeploymentPostprocessing = 0;
		};
		76D45C8E1D0CFD3C0026491F /* Sources */ = {
			isa = PBXSourcesBuildPhase;
			buildActionMask = 2147483647;
			files = (
				76D45C971D0CFD3C0026491F /* G2CateringUITests.m in Sources */,
			);
			runOnlyForDeploymentPostprocessing = 0;
		};
/* End PBXSourcesBuildPhase section */

/* Begin PBXTargetDependency section */
		76D45C891D0CFD3B0026491F /* PBXTargetDependency */ = {
			isa = PBXTargetDependency;
			target = 76D45C6D1D0CFD3B0026491F /* G2Catering */;
			targetProxy = 76D45C881D0CFD3B0026491F /* PBXContainerItemProxy */;
		};
		76D45C941D0CFD3C0026491F /* PBXTargetDependency */ = {
			isa = PBXTargetDependency;
			target = 76D45C6D1D0CFD3B0026491F /* G2Catering */;
			targetProxy = 76D45C931D0CFD3C0026491F /* PBXContainerItemProxy */;
		};
/* End PBXTargetDependency section */

/* Begin XCBuildConfiguration section */
		76D45C991D0CFD3C0026491F /* Debug */ = {
			isa = XCBuildConfiguration;
			buildSettings = {
				ALWAYS_SEARCH_USER_PATHS = NO;
				CLANG_ANALYZER_NONNULL = YES;
				CLANG_CXX_LANGUAGE_STANDARD = "gnu++0x";
				CLANG_CXX_LIBRARY = "libc++";
				CLANG_ENABLE_MODULES = YES;
				CLANG_ENABLE_OBJC_ARC = YES;
				CLANG_WARN_BOOL_CONVERSION = YES;
				CLANG_WARN_CONSTANT_CONVERSION = YES;
				CLANG_WARN_DIRECT_OBJC_ISA_USAGE = YES_ERROR;
				CLANG_WARN_EMPTY_BODY = YES;
				CLANG_WARN_ENUM_CONVERSION = YES;
				CLANG_WARN_INT_CONVERSION = YES;
				CLANG_WARN_OBJC_ROOT_CLASS = YES_ERROR;
				CLANG_WARN_UNREACHABLE_CODE = YES;
				CLANG_WARN__DUPLICATE_METHOD_MATCH = YES;
				"CODE_SIGN_IDENTITY[sdk=iphoneos*]" = "iPhone Developer";
				COPY_PHASE_STRIP = NO;
				DEBUG_INFORMATION_FORMAT = dwarf;
				ENABLE_STRICT_OBJC_MSGSEND = YES;
				ENABLE_TESTABILITY = YES;
				GCC_C_LANGUAGE_STANDARD = gnu99;
				GCC_DYNAMIC_NO_PIC = NO;
				GCC_NO_COMMON_BLOCKS = YES;
				GCC_OPTIMIZATION_LEVEL = 0;
				GCC_PREPROCESSOR_DEFINITIONS = (
					"DEBUG=1",
					"$(inherited)",
				);
				GCC_WARN_64_TO_32_BIT_CONVERSION = YES;
				GCC_WARN_ABOUT_RETURN_TYPE = YES_ERROR;
				GCC_WARN_UNDECLARED_SELECTOR = YES;
				GCC_WARN_UNINITIALIZED_AUTOS = YES_AGGRESSIVE;
				GCC_WARN_UNUSED_FUNCTION = YES;
				GCC_WARN_UNUSED_VARIABLE = YES;
				IPHONEOS_DEPLOYMENT_TARGET = 9.3;
				MTL_ENABLE_DEBUG_INFO = YES;
				ONLY_ACTIVE_ARCH = YES;
				SDKROOT = iphoneos;
				TARGETED_DEVICE_FAMILY = 2;
			};
			name = Debug;
		};
		76D45C9A1D0CFD3C0026491F /* Release */ = {
			isa = XCBuildConfiguration;
			buildSettings = {
				ALWAYS_SEARCH_USER_PATHS = NO;
				CLANG_ANALYZER_NONNULL = YES;
				CLANG_CXX_LANGUAGE_STANDARD = "gnu++0x";
				CLANG_CXX_LIBRARY = "libc++";
				CLANG_ENABLE_MODULES = YES;
				CLANG_ENABLE_OBJC_ARC = YES;
				CLANG_WARN_BOOL_CONVERSION = YES;
				CLANG_WARN_CONSTANT_CONVERSION = YES;
				CLANG_WARN_DIRECT_OBJC_ISA_USAGE = YES_ERROR;
				CLANG_WARN_EMPTY_BODY = YES;
				CLANG_WARN_ENUM_CONVERSION = YES;
				CLANG_WARN_INT_CONVERSION = YES;
				CLANG_WARN_OBJC_ROOT_CLASS = YES_ERROR;
				CLANG_WARN_UNREACHABLE_CODE = YES;
				CLANG_WARN__DUPLICATE_METHOD_MATCH = YES;
				"CODE_SIGN_IDENTITY[sdk=iphoneos*]" = "iPhone Developer";
				COPY_PHASE_STRIP = NO;
				DEBUG_INFORMATION_FORMAT = "dwarf-with-dsym";
				ENABLE_NS_ASSERTIONS = NO;
				ENABLE_STRICT_OBJC_MSGSEND = YES;
				GCC_C_LANGUAGE_STANDARD = gnu99;
				GCC_NO_COMMON_BLOCKS = YES;
				GCC_WARN_64_TO_32_BIT_CONVERSION = YES;
				GCC_WARN_ABOUT_RETURN_TYPE = YES_ERROR;
				GCC_WARN_UNDECLARED_SELECTOR = YES;
				GCC_WARN_UNINITIALIZED_AUTOS = YES_AGGRESSIVE;
				GCC_WARN_UNUSED_FUNCTION = YES;
				GCC_WARN_UNUSED_VARIABLE = YES;
				IPHONEOS_DEPLOYMENT_TARGET = 9.3;
				MTL_ENABLE_DEBUG_INFO = NO;
				SDKROOT = iphoneos;
				TARGETED_DEVICE_FAMILY = 2;
				VALIDATE_PRODUCT = YES;
			};
			name = Release;
		};
		76D45C9C1D0CFD3C0026491F /* Debug */ = {
			isa = XCBuildConfiguration;
			baseConfigurationReference = 2B4E00C8C92ACE2E7EE03E02 /* Pods.debug.xcconfig */;
			buildSettings = {
				ASSETCATALOG_COMPILER_APPICON_NAME = AppIcon;
				GCC_PRECOMPILE_PREFIX_HEADER = YES;
				GCC_PREFIX_HEADER = "$(SRCROOT)/G2Catering/Other/PrefixHeader.pch";
				INFOPLIST_FILE = "$(SRCROOT)/G2Catering/Resources(资源)/Plist/Info.plist";
				IPHONEOS_DEPLOYMENT_TARGET = 8.0;
				LD_RUNPATH_SEARCH_PATHS = "$(inherited) @executable_path/Frameworks";
				PRODUCT_BUNDLE_IDENTIFIER = com.ndlan.G2Catering;
				PRODUCT_NAME = "$(TARGET_NAME)";
				TARGETED_DEVICE_FAMILY = 2;
			};
			name = Debug;
		};
		76D45C9D1D0CFD3C0026491F /* Release */ = {
			isa = XCBuildConfiguration;
			baseConfigurationReference = 8A99B5CD036CAE879C22EB66 /* Pods.release.xcconfig */;
			buildSettings = {
				ASSETCATALOG_COMPILER_APPICON_NAME = AppIcon;
				GCC_PRECOMPILE_PREFIX_HEADER = YES;
				GCC_PREFIX_HEADER = "$(SRCROOT)/G2Catering/Other/PrefixHeader.pch";
				INFOPLIST_FILE = "$(SRCROOT)/G2Catering/Resources(资源)/Plist/Info.plist";
				IPHONEOS_DEPLOYMENT_TARGET = 8.0;
				LD_RUNPATH_SEARCH_PATHS = "$(inherited) @executable_path/Frameworks";
				PRODUCT_BUNDLE_IDENTIFIER = com.ndlan.G2Catering;
				PRODUCT_NAME = "$(TARGET_NAME)";
				TARGETED_DEVICE_FAMILY = 2;
			};
			name = Release;
		};
		76D45C9F1D0CFD3C0026491F /* Debug */ = {
			isa = XCBuildConfiguration;
			buildSettings = {
				BUNDLE_LOADER = "$(TEST_HOST)";
				INFOPLIST_FILE = G2CateringTests/Info.plist;
				LD_RUNPATH_SEARCH_PATHS = "$(inherited) @executable_path/Frameworks @loader_path/Frameworks";
				PRODUCT_BUNDLE_IDENTIFIER = com.ndlan.G2CateringTests;
				PRODUCT_NAME = "$(TARGET_NAME)";
				TEST_HOST = "$(BUILT_PRODUCTS_DIR)/G2Catering.app/G2Catering";
			};
			name = Debug;
		};
		76D45CA01D0CFD3C0026491F /* Release */ = {
			isa = XCBuildConfiguration;
			buildSettings = {
				BUNDLE_LOADER = "$(TEST_HOST)";
				INFOPLIST_FILE = G2CateringTests/Info.plist;
				LD_RUNPATH_SEARCH_PATHS = "$(inherited) @executable_path/Frameworks @loader_path/Frameworks";
				PRODUCT_BUNDLE_IDENTIFIER = com.ndlan.G2CateringTests;
				PRODUCT_NAME = "$(TARGET_NAME)";
				TEST_HOST = "$(BUILT_PRODUCTS_DIR)/G2Catering.app/G2Catering";
			};
			name = Release;
		};
		76D45CA21D0CFD3C0026491F /* Debug */ = {
			isa = XCBuildConfiguration;
			buildSettings = {
				INFOPLIST_FILE = G2CateringUITests/Info.plist;
				LD_RUNPATH_SEARCH_PATHS = "$(inherited) @executable_path/Frameworks @loader_path/Frameworks";
				PRODUCT_BUNDLE_IDENTIFIER = com.ndlan.G2CateringUITests;
				PRODUCT_NAME = "$(TARGET_NAME)";
				TEST_TARGET_NAME = G2Catering;
			};
			name = Debug;
		};
		76D45CA31D0CFD3C0026491F /* Release */ = {
			isa = XCBuildConfiguration;
			buildSettings = {
				INFOPLIST_FILE = G2CateringUITests/Info.plist;
				LD_RUNPATH_SEARCH_PATHS = "$(inherited) @executable_path/Frameworks @loader_path/Frameworks";
				PRODUCT_BUNDLE_IDENTIFIER = com.ndlan.G2CateringUITests;
				PRODUCT_NAME = "$(TARGET_NAME)";
				TEST_TARGET_NAME = G2Catering;
			};
			name = Release;
		};
/* End XCBuildConfiguration section */

/* Begin XCConfigurationList section */
		76D45C691D0CFD3B0026491F /* Build configuration list for PBXProject "G2Catering" */ = {
			isa = XCConfigurationList;
			buildConfigurations = (
				76D45C991D0CFD3C0026491F /* Debug */,
				76D45C9A1D0CFD3C0026491F /* Release */,
			);
			defaultConfigurationIsVisible = 0;
			defaultConfigurationName = Release;
		};
		76D45C9B1D0CFD3C0026491F /* Build configuration list for PBXNativeTarget "G2Catering" */ = {
			isa = XCConfigurationList;
			buildConfigurations = (
				76D45C9C1D0CFD3C0026491F /* Debug */,
				76D45C9D1D0CFD3C0026491F /* Release */,
			);
			defaultConfigurationIsVisible = 0;
			defaultConfigurationName = Release;
		};
		76D45C9E1D0CFD3C0026491F /* Build configuration list for PBXNativeTarget "G2CateringTests" */ = {
			isa = XCConfigurationList;
			buildConfigurations = (
				76D45C9F1D0CFD3C0026491F /* Debug */,
				76D45CA01D0CFD3C0026491F /* Release */,
			);
			defaultConfigurationIsVisible = 0;
			defaultConfigurationName = Release;
		};
		76D45CA11D0CFD3C0026491F /* Build configuration list for PBXNativeTarget "G2CateringUITests" */ = {
			isa = XCConfigurationList;
			buildConfigurations = (
				76D45CA21D0CFD3C0026491F /* Debug */,
				76D45CA31D0CFD3C0026491F /* Release */,
			);
			defaultConfigurationIsVisible = 0;
			defaultConfigurationName = Release;
		};
/* End XCConfigurationList section */
	};
	rootObject = 76D45C661D0CFD3B0026491F /* Project object */;
}
